
Microsoft Visual Studio Solution File, Format Version 12.00
# Visual Studio Version 16
VisualStudioVersion = 16.0.34601.136
MinimumVisualStudioVersion = 10.0.40219.1
Project("{FAE04EC0-301F-11D3-BF4B-00C04F79EFBC}") = "Action", "Action.csproj", "{396B93D3-B92B-406D-B85E-1CC4D25B5FE1}"
EndProject
Project("{FAE04EC0-301F-11D3-BF4B-00C04F79EFBC}") = "Knights of Honor", "..\Knights of Honor\Knights of Honor.csproj", "{2B894887-B732-4327-8A7C-D16D49271FBA}"
EndProject
Project("{FAE04EC0-301F-11D3-BF4B-00C04F79EFBC}") = "Min_Function", "..\Min_Function\Min_Function.csproj", "{A7A924A7-85D0-473B-8DF9-A19BF10E913D}"
EndProject
Project("{FAE04EC0-301F-11D3-BF4B-00C04F79EFBC}") = "Even_Or_Odd", "..\Even_Or_Odd\Even_Or_Odd.csproj", "{B41C5147-95CE-4D85-B624-32FAA72C680B}"
EndProject
Project("{FAE04EC0-301F-11D3-BF4B-00C04F79EFBC}") = "User comparator", "..\User comparator\User comparator.csproj", "{940C2290-339D-4527-A2DA-C6C1A5BC3447}"
EndProject
Project("{FAE04EC0-301F-11D3-BF4B-00C04F79EFBC}") = "ListOfPredicates", "..\ListOfPredicates\ListOfPredicates.csproj", "{FACAE07E-ACB1-4157-AB75-59F95C0CECFF}"
EndProject
Global
	GlobalSection(SolutionConfigurationPlatforms) = preSolution
		Debug|Any CPU = Debug|Any CPU
		Release|Any CPU = Release|Any CPU
	EndGlobalSection
	GlobalSection(ProjectConfigurationPlatforms) = postSolution
		{396B93D3-B92B-406D-B85E-1CC4D25B5FE1}.Debug|Any CPU.ActiveCfg = Debug|Any CPU
		{396B93D3-B92B-406D-B85E-1CC4D25B5FE1}.Debug|Any CPU.Build.0 = Debug|Any CPU
		{396B93D3-B92B-406D-B85E-1CC4D25B5FE1}.Release|Any CPU.ActiveCfg = Release|Any CPU
		{396B93D3-B92B-406D-B85E-1CC4D25B5FE1}.Release|Any CPU.Build.0 = Release|Any CPU
		{2B894887-B732-4327-8A7C-D16D49271FBA}.Debug|Any CPU.ActiveCfg = Debug|Any CPU
		{2B894887-B732-4327-8A7C-D16D49271FBA}.Debug|Any CPU.Build.0 = Debug|Any CPU
		{2B894887-B732-4327-8A7C-D16D49271FBA}.Release|Any CPU.ActiveCfg = Release|Any CPU
		{2B894887-B732-4327-8A7C-D16D49271FBA}.Release|Any CPU.Build.0 = Release|Any CPU
		{A7A924A7-85D0-473B-8DF9-A19BF10E913D}.Debug|Any CPU.ActiveCfg = Debug|Any CPU
		{A7A924A7-85D0-473B-8DF9-A19BF10E913D}.Debug|Any CPU.Build.0 = Debug|Any CPU
		{A7A924A7-85D0-473B-8DF9-A19BF10E913D}.Release|Any CPU.ActiveCfg = Release|Any CPU
		{A7A924A7-85D0-473B-8DF9-A19BF10E913D}.Release|Any CPU.Build.0 = Release|Any CPU
		{B41C5147-95CE-4D85-B624-32FAA72C680B}.Debug|Any CPU.ActiveCfg = Debug|Any CPU
		{B41C5147-95CE-4D85-B624-32FAA72C680B}.Debug|Any CPU.Build.0 = Debug|Any CPU
		{B41C5147-95CE-4D85-B624-32FAA72C680B}.Release|Any CPU.ActiveCfg = Release|Any CPU
		{B41C5147-95CE-4D85-B624-32FAA72C680B}.Release|Any CPU.Build.0 = Release|Any CPU
		{940C2290-339D-4527-A2DA-C6C1A5BC3447}.Debug|Any CPU.ActiveCfg = Debug|Any CPU
		{940C2290-339D-4527-A2DA-C6C1A5BC3447}.Debug|Any CPU.Build.0 = Debug|Any CPU
		{940C2290-339D-4527-A2DA-C6C1A5BC3447}.Release|Any CPU.ActiveCfg = Release|Any CPU
		{940C2290-339D-4527-A2DA-C6C1A5BC3447}.Release|Any CPU.Build.0 = Release|Any CPU
		{FACAE07E-ACB1-4157-AB75-59F95C0CECFF}.Debug|Any CPU.ActiveCfg = Debug|Any CPU
		{FACAE07E-ACB1-4157-AB75-59F95C0CECFF}.Debug|Any CPU.Build.0 = Debug|Any CPU
		{FACAE07E-ACB1-4157-AB75-59F95C0CECFF}.Release|Any CPU.ActiveCfg = Release|Any CPU
		{FACAE07E-ACB1-4157-AB75-59F95C0CECFF}.Release|Any CPU.Build.0 = Release|Any CPU
	EndGlobalSection
	GlobalSection(SolutionProperties) = preSolution
		HideSolutionNode = FALSE
	EndGlobalSection
	GlobalSection(ExtensibilityGlobals) = postSolution
		SolutionGuid = {87EFF9C6-80CF-4672-A5F1-EB0F638A6514}
	EndGlobalSection
EndGlobal
